# This file is automatically @generated by Cargo.
# It is not intended for manual editing.
version = 3

[[package]]
name = "aoc"
version = "0.1.0"
dependencies = [
 "binary-heap-plus",
 "itertools",
 "num-traits",
]

[[package]]
name = "autocfg"
version = "1.1.0"
source = "registry+https://github.com/rust-lang/crates.io-index"
checksum = "d468802bab17cbc0cc575e9b053f41e72aa36bfa6b7f55e3529ffa43161b97fa"

[[package]]
name = "binary-heap-plus"
version = "0.5.0"
source = "registry+https://github.com/rust-lang/crates.io-index"
checksum = "e4551d8382e911ecc0d0f0ffb602777988669be09447d536ff4388d1def11296"
dependencies = [
 "compare",
]

[[package]]
name = "compare"
version = "0.1.0"
source = "registry+https://github.com/rust-lang/crates.io-index"
checksum = "120133d4db2ec47efe2e26502ee984747630c67f51974fca0b6c1340cf2368d3"

[[package]]
name = "d01"
version = "0.1.0"

[[package]]
name = "d02"
version = "0.1.0"

[[package]]
name = "d03"
version = "0.1.0"

[[package]]
name = "d04"
version = "0.1.0"

[[package]]
name = "d05"
version = "0.1.0"

[[package]]
name = "d06"
version = "0.1.0"

[[package]]
name = "d07"
version = "0.1.0"

[[package]]
name = "d08"
version = "0.1.0"

[[package]]
name = "d09"
version = "0.1.0"

[[package]]
name = "d10"
version = "0.1.0"

[[package]]
name = "d11"
version = "0.1.0"

[[package]]
name = "d12"
version = "0.1.0"

[[package]]
name = "d13"
version = "0.1.0"

[[package]]
name = "d14"
version = "0.1.0"

[[package]]
name = "d15"
version = "0.1.0"

[[package]]
name = "d16"
version = "0.1.0"

[[package]]
name = "d17"
version = "0.1.0"

[[package]]
name = "d18"
version = "0.1.0"

[[package]]
name = "d19"
version = "0.1.0"

[[package]]
name = "d20"
version = "0.1.0"

[[package]]
name = "d21"
version = "0.1.0"

[[package]]
name = "d22"
version = "0.1.0"

[[package]]
name = "d23"
version = "0.1.0"

[[package]]
name = "d24"
version = "0.1.0"

[[package]]
name = "d25"
version = "0.1.0"

[[package]]
name = "either"
version = "1.9.0"
source = "registry+https://github.com/rust-lang/crates.io-index"
checksum = "a26ae43d7bcc3b814de94796a5e736d4029efb0ee900c12e2d54c993ad1a1e07"

[[package]]
name = "itertools"
version = "0.10.5"
source = "registry+https://github.com/rust-lang/crates.io-index"
checksum = "b0fd2260e829bddf4cb6ea802289de2f86d6a7a690192fbe91b3f46e0f2c8473"
dependencies = [
 "either",
]

[[package]]
name = "num-traits"
version = "0.2.17"
source = "registry+https://github.com/rust-lang/crates.io-index"
checksum = "39e3200413f237f41ab11ad6d161bc7239c84dcb631773ccd7de3dfe4b5c267c"
dependencies = [
 "autocfg",
]
